// !$*UTF8*$!
{
	archiveVersion = 1;
	classes = {
	};
	objectVersion = 46;
	objects = {

/* Begin PBXBuildFile section */
		310CD7C4192A4487004D4327 /* main.c in Sources */ = {isa = PBXBuildFile; fileRef = 310CD7C3192A4487004D4327 /* main.c */; };
		310CD7C6192A4487004D4327 /* E001UsingString.1 in CopyFiles */ = {isa = PBXBuildFile; fileRef = 310CD7C5192A4487004D4327 /* E001UsingString.1 */; };
		311B0DA0192F3861006A8A29 /* cssSystem.c in Sources */ = {isa = PBXBuildFile; fileRef = 311B0D9E192F3861006A8A29 /* cssSystem.c */; };
		311B0DA1192F3861006A8A29 /* cssSystem.h in Headers */ = {isa = PBXBuildFile; fileRef = 311B0D9F192F3861006A8A29 /* cssSystem.h */; };
		313BBBC7192CA21F00832B0B /* cssArray.c in Sources */ = {isa = PBXBuildFile; fileRef = 313BBBC5192CA21F00832B0B /* cssArray.c */; };
		313BBBC8192CA21F00832B0B /* cssArray.h in Headers */ = {isa = PBXBuildFile; fileRef = 313BBBC6192CA21F00832B0B /* cssArray.h */; };
		313BBBD0192CB22D00832B0B /* main.c in Sources */ = {isa = PBXBuildFile; fileRef = 313BBBCF192CB22D00832B0B /* main.c */; };
		313BBBD2192CB22D00832B0B /* E004UsingArray.1 in CopyFiles */ = {isa = PBXBuildFile; fileRef = 313BBBD1192CB22D00832B0B /* E004UsingArray.1 */; };
		313BBBD8192CB24300832B0B /* libCSubSub.a in Frameworks */ = {isa = PBXBuildFile; fileRef = 310CD7B1192A441A004D4327 /* libCSubSub.a */; };
		318CF6111931EE1E00FFDA3A /* main.c in Sources */ = {isa = PBXBuildFile; fileRef = 318CF6101931EE1E00FFDA3A /* main.c */; };
		318CF6131931EE1E00FFDA3A /* E005UsingMap.1 in CopyFiles */ = {isa = PBXBuildFile; fileRef = 318CF6121931EE1E00FFDA3A /* E005UsingMap.1 */; };
		318CF6171931EE9400FFDA3A /* libCSubSub.a in Frameworks */ = {isa = PBXBuildFile; fileRef = 310CD7B1192A441A004D4327 /* libCSubSub.a */; };
		318CF6201931FE2400FFDA3A /* cssMap.c in Sources */ = {isa = PBXBuildFile; fileRef = 318CF61F1931FE2400FFDA3A /* cssMap.c */; };
		318CF6221931FE2D00FFDA3A /* cssMap.h in Headers */ = {isa = PBXBuildFile; fileRef = 318CF6211931FE2D00FFDA3A /* cssMap.h */; };
		31E1380D192AC682006DDF4D /* libCSubSub.a in Frameworks */ = {isa = PBXBuildFile; fileRef = 310CD7B1192A441A004D4327 /* libCSubSub.a */; };
		31E1381C192ACFED006DDF4D /* main.c in Sources */ = {isa = PBXBuildFile; fileRef = 31E1381B192ACFED006DDF4D /* main.c */; };
		31E1381E192ACFED006DDF4D /* E002UsingFile.1 in CopyFiles */ = {isa = PBXBuildFile; fileRef = 31E1381D192ACFED006DDF4D /* E002UsingFile.1 */; };
		31E13823192AD0DD006DDF4D /* libCSubSub.a in Frameworks */ = {isa = PBXBuildFile; fileRef = 310CD7B1192A441A004D4327 /* libCSubSub.a */; };
		31E1382D192AD437006DDF4D /* main.c in Sources */ = {isa = PBXBuildFile; fileRef = 31E1382C192AD437006DDF4D /* main.c */; };
		31E1382F192AD437006DDF4D /* E003UsingList.1 in CopyFiles */ = {isa = PBXBuildFile; fileRef = 31E1382E192AD437006DDF4D /* E003UsingList.1 */; };
		31E13835192AD449006DDF4D /* libCSubSub.a in Frameworks */ = {isa = PBXBuildFile; fileRef = 310CD7B1192A441A004D4327 /* libCSubSub.a */; };
		31E13838192AD67D006DDF4D /* cssString.c in Sources */ = {isa = PBXBuildFile; fileRef = 31E13836192AD67D006DDF4D /* cssString.c */; };
		31E13839192AD67D006DDF4D /* cssString.h in Headers */ = {isa = PBXBuildFile; fileRef = 31E13837192AD67D006DDF4D /* cssString.h */; };
		31E1383C192AD6D0006DDF4D /* cssObject.c in Sources */ = {isa = PBXBuildFile; fileRef = 31E1383A192AD6D0006DDF4D /* cssObject.c */; };
		31E1383D192AD6D0006DDF4D /* cssObject.h in Headers */ = {isa = PBXBuildFile; fileRef = 31E1383B192AD6D0006DDF4D /* cssObject.h */; };
		31E13840192AD7BD006DDF4D /* cssFile.c in Sources */ = {isa = PBXBuildFile; fileRef = 31E1383E192AD7BD006DDF4D /* cssFile.c */; };
		31E13841192AD7BD006DDF4D /* cssFile.h in Headers */ = {isa = PBXBuildFile; fileRef = 31E1383F192AD7BD006DDF4D /* cssFile.h */; };
		31E13844192AD841006DDF4D /* cssList.c in Sources */ = {isa = PBXBuildFile; fileRef = 31E13842192AD840006DDF4D /* cssList.c */; };
		31E13845192AD841006DDF4D /* cssList.h in Headers */ = {isa = PBXBuildFile; fileRef = 31E13843192AD841006DDF4D /* cssList.h */; };
/* End PBXBuildFile section */

/* Begin PBXContainerItemProxy section */
		313BBBD6192CB23E00832B0B /* PBXContainerItemProxy */ = {
			isa = PBXContainerItemProxy;
			containerPortal = 310CD7A9192A441A004D4327 /* Project object */;
			proxyType = 1;
			remoteGlobalIDString = 310CD7B0192A441A004D4327;
			remoteInfo = CSubSub;
		};
		318CF6181931EE9900FFDA3A /* PBXContainerItemProxy */ = {
			isa = PBXContainerItemProxy;
			containerPortal = 310CD7A9192A441A004D4327 /* Project object */;
			proxyType = 1;
			remoteGlobalIDString = 310CD7B0192A441A004D4327;
			remoteInfo = CSubSub;
		};
		31E1380E192AC68A006DDF4D /* PBXContainerItemProxy */ = {
			isa = PBXContainerItemProxy;
			containerPortal = 310CD7A9192A441A004D4327 /* Project object */;
			proxyType = 1;
			remoteGlobalIDString = 310CD7B0192A441A004D4327;
			remoteInfo = CSubSub;
		};
		31E13824192AD0E4006DDF4D /* PBXContainerItemProxy */ = {
			isa = PBXContainerItemProxy;
			containerPortal = 310CD7A9192A441A004D4327 /* Project object */;
			proxyType = 1;
			remoteGlobalIDString = 310CD7B0192A441A004D4327;
			remoteInfo = CSubSub;
		};
		31E13833192AD445006DDF4D /* PBXContainerItemProxy */ = {
			isa = PBXContainerItemProxy;
			containerPortal = 310CD7A9192A441A004D4327 /* Project object */;
			proxyType = 1;
			remoteGlobalIDString = 310CD7B0192A441A004D4327;
			remoteInfo = CSubSub;
		};
/* End PBXContainerItemProxy section */

/* Begin PBXCopyFilesBuildPhase section */
		310CD7BF192A4487004D4327 /* CopyFiles */ = {
			isa = PBXCopyFilesBuildPhase;
			buildActionMask = 2147483647;
			dstPath = /usr/share/man/man1/;
			dstSubfolderSpec = 0;
			files = (
				310CD7C6192A4487004D4327 /* E001UsingString.1 in CopyFiles */,
			);
			runOnlyForDeploymentPostprocessing = 1;
		};
		313BBBCB192CB22C00832B0B /* CopyFiles */ = {
			isa = PBXCopyFilesBuildPhase;
			buildActionMask = 2147483647;
			dstPath = /usr/share/man/man1/;
			dstSubfolderSpec = 0;
			files = (
				313BBBD2192CB22D00832B0B /* E004UsingArray.1 in CopyFiles */,
			);
			runOnlyForDeploymentPostprocessing = 1;
		};
		318CF60C1931EE1E00FFDA3A /* CopyFiles */ = {
			isa = PBXCopyFilesBuildPhase;
			buildActionMask = 2147483647;
			dstPath = /usr/share/man/man1/;
			dstSubfolderSpec = 0;
			files = (
				318CF6131931EE1E00FFDA3A /* E005UsingMap.1 in CopyFiles */,
			);
			runOnlyForDeploymentPostprocessing = 1;
		};
		31E13817192ACFED006DDF4D /* CopyFiles */ = {
			isa = PBXCopyFilesBuildPhase;
			buildActionMask = 2147483647;
			dstPath = /usr/share/man/man1/;
			dstSubfolderSpec = 0;
			files = (
				31E1381E192ACFED006DDF4D /* E002UsingFile.1 in CopyFiles */,
			);
			runOnlyForDeploymentPostprocessing = 1;
		};
		31E13828192AD437006DDF4D /* CopyFiles */ = {
			isa = PBXCopyFilesBuildPhase;
			buildActionMask = 2147483647;
			dstPath = /usr/share/man/man1/;
			dstSubfolderSpec = 0;
			files = (
				31E1382F192AD437006DDF4D /* E003UsingList.1 in CopyFiles */,
			);
			runOnlyForDeploymentPostprocessing = 1;
		};
/* End PBXCopyFilesBuildPhase section */

/* Begin PBXFileReference section */
		310CD7B1192A441A004D4327 /* libCSubSub.a */ = {isa = PBXFileReference; explicitFileType = archive.ar; includeInIndex = 0; path = libCSubSub.a; sourceTree = BUILT_PRODUCTS_DIR; };
		310CD7C1192A4487004D4327 /* E001UsingString */ = {isa = PBXFileReference; explicitFileType = "compiled.mach-o.executable"; includeInIndex = 0; path = E001UsingString; sourceTree = BUILT_PRODUCTS_DIR; };
		310CD7C3192A4487004D4327 /* main.c */ = {isa = PBXFileReference; lastKnownFileType = sourcecode.c.c; path = main.c; sourceTree = "<group>"; };
		310CD7C5192A4487004D4327 /* E001UsingString.1 */ = {isa = PBXFileReference; lastKnownFileType = text.man; path = E001UsingString.1; sourceTree = "<group>"; };
		311B0D9E192F3861006A8A29 /* cssSystem.c */ = {isa = PBXFileReference; fileEncoding = 4; lastKnownFileType = sourcecode.c.c; name = cssSystem.c; path = lib/cssSystem.c; sourceTree = "<group>"; };
		311B0D9F192F3861006A8A29 /* cssSystem.h */ = {isa = PBXFileReference; fileEncoding = 4; lastKnownFileType = sourcecode.c.h; name = cssSystem.h; path = lib/cssSystem.h; sourceTree = "<group>"; };
		313BBBC5192CA21F00832B0B /* cssArray.c */ = {isa = PBXFileReference; fileEncoding = 4; lastKnownFileType = sourcecode.c.c; name = cssArray.c; path = lib/cssArray.c; sourceTree = "<group>"; };
		313BBBC6192CA21F00832B0B /* cssArray.h */ = {isa = PBXFileReference; fileEncoding = 4; lastKnownFileType = sourcecode.c.h; name = cssArray.h; path = lib/cssArray.h; sourceTree = "<group>"; };
		313BBBCD192CB22C00832B0B /* E004UsingArray */ = {isa = PBXFileReference; explicitFileType = "compiled.mach-o.executable"; includeInIndex = 0; path = E004UsingArray; sourceTree = BUILT_PRODUCTS_DIR; };
		313BBBCF192CB22D00832B0B /* main.c */ = {isa = PBXFileReference; lastKnownFileType = sourcecode.c.c; path = main.c; sourceTree = "<group>"; };
		313BBBD1192CB22D00832B0B /* E004UsingArray.1 */ = {isa = PBXFileReference; lastKnownFileType = text.man; path = E004UsingArray.1; sourceTree = "<group>"; };
		318CF60E1931EE1E00FFDA3A /* E005UsingMap */ = {isa = PBXFileReference; explicitFileType = "compiled.mach-o.executable"; includeInIndex = 0; path = E005UsingMap; sourceTree = BUILT_PRODUCTS_DIR; };
		318CF6101931EE1E00FFDA3A /* main.c */ = {isa = PBXFileReference; lastKnownFileType = sourcecode.c.c; path = main.c; sourceTree = "<group>"; };
		318CF6121931EE1E00FFDA3A /* E005UsingMap.1 */ = {isa = PBXFileReference; lastKnownFileType = text.man; path = E005UsingMap.1; sourceTree = "<group>"; };
		318CF61F1931FE2400FFDA3A /* cssMap.c */ = {isa = PBXFileReference; fileEncoding = 4; lastKnownFileType = sourcecode.c.c; name = cssMap.c; path = lib/cssMap.c; sourceTree = "<group>"; };
		318CF6211931FE2D00FFDA3A /* cssMap.h */ = {isa = PBXFileReference; fileEncoding = 4; lastKnownFileType = sourcecode.c.h; name = cssMap.h; path = lib/cssMap.h; sourceTree = "<group>"; };
		31E13814192AC6F6006DDF4D /* css.h */ = {isa = PBXFileReference; lastKnownFileType = sourcecode.c.h; name = css.h; path = lib/css.h; sourceTree = "<group>"; };
		31E13819192ACFED006DDF4D /* E002UsingFile */ = {isa = PBXFileReference; explicitFileType = "compiled.mach-o.executable"; includeInIndex = 0; path = E002UsingFile; sourceTree = BUILT_PRODUCTS_DIR; };
		31E1381B192ACFED006DDF4D /* main.c */ = {isa = PBXFileReference; lastKnownFileType = sourcecode.c.c; path = main.c; sourceTree = "<group>"; };
		31E1381D192ACFED006DDF4D /* E002UsingFile.1 */ = {isa = PBXFileReference; lastKnownFileType = text.man; path = E002UsingFile.1; sourceTree = "<group>"; };
		31E13822192AD01D006DDF4D /* Data.txt */ = {isa = PBXFileReference; fileEncoding = 4; lastKnownFileType = text; name = Data.txt; path = ../Data.txt; sourceTree = "<group>"; };
		31E1382A192AD437006DDF4D /* E003UsingList */ = {isa = PBXFileReference; explicitFileType = "compiled.mach-o.executable"; includeInIndex = 0; path = E003UsingList; sourceTree = BUILT_PRODUCTS_DIR; };
		31E1382C192AD437006DDF4D /* main.c */ = {isa = PBXFileReference; lastKnownFileType = sourcecode.c.c; path = main.c; sourceTree = "<group>"; };
		31E1382E192AD437006DDF4D /* E003UsingList.1 */ = {isa = PBXFileReference; lastKnownFileType = text.man; path = E003UsingList.1; sourceTree = "<group>"; };
		31E13836192AD67D006DDF4D /* cssString.c */ = {isa = PBXFileReference; fileEncoding = 4; lastKnownFileType = sourcecode.c.c; name = cssString.c; path = lib/cssString.c; sourceTree = "<group>"; };
		31E13837192AD67D006DDF4D /* cssString.h */ = {isa = PBXFileReference; fileEncoding = 4; lastKnownFileType = sourcecode.c.h; name = cssString.h; path = lib/cssString.h; sourceTree = "<group>"; };
		31E1383A192AD6D0006DDF4D /* cssObject.c */ = {isa = PBXFileReference; fileEncoding = 4; lastKnownFileType = sourcecode.c.c; name = cssObject.c; path = lib/cssObject.c; sourceTree = "<group>"; };
		31E1383B192AD6D0006DDF4D /* cssObject.h */ = {isa = PBXFileReference; fileEncoding = 4; lastKnownFileType = sourcecode.c.h; name = cssObject.h; path = lib/cssObject.h; sourceTree = "<group>"; };
		31E1383E192AD7BD006DDF4D /* cssFile.c */ = {isa = PBXFileReference; fileEncoding = 4; lastKnownFileType = sourcecode.c.c; name = cssFile.c; path = lib/cssFile.c; sourceTree = "<group>"; };
		31E1383F192AD7BD006DDF4D /* cssFile.h */ = {isa = PBXFileReference; fileEncoding = 4; lastKnownFileType = sourcecode.c.h; name = cssFile.h; path = lib/cssFile.h; sourceTree = "<group>"; };
		31E13842192AD840006DDF4D /* cssList.c */ = {isa = PBXFileReference; fileEncoding = 4; lastKnownFileType = sourcecode.c.c; name = cssList.c; path = lib/cssList.c; sourceTree = "<group>"; };
		31E13843192AD841006DDF4D /* cssList.h */ = {isa = PBXFileReference; fileEncoding = 4; lastKnownFileType = sourcecode.c.h; name = cssList.h; path = lib/cssList.h; sourceTree = "<group>"; };
/* End PBXFileReference section */

/* Begin PBXFrameworksBuildPhase section */
		310CD7AE192A441A004D4327 /* Frameworks */ = {
			isa = PBXFrameworksBuildPhase;
			buildActionMask = 2147483647;
			files = (
			);
			runOnlyForDeploymentPostprocessing = 0;
		};
		310CD7BE192A4487004D4327 /* Frameworks */ = {
			isa = PBXFrameworksBuildPhase;
			buildActionMask = 2147483647;
			files = (
				31E1380D192AC682006DDF4D /* libCSubSub.a in Frameworks */,
			);
			runOnlyForDeploymentPostprocessing = 0;
		};
		313BBBCA192CB22C00832B0B /* Frameworks */ = {
			isa = PBXFrameworksBuildPhase;
			buildActionMask = 2147483647;
			files = (
				313BBBD8192CB24300832B0B /* libCSubSub.a in Frameworks */,
			);
			runOnlyForDeploymentPostprocessing = 0;
		};
		318CF60B1931EE1E00FFDA3A /* Frameworks */ = {
			isa = PBXFrameworksBuildPhase;
			buildActionMask = 2147483647;
			files = (
				318CF6171931EE9400FFDA3A /* libCSubSub.a in Frameworks */,
			);
			runOnlyForDeploymentPostprocessing = 0;
		};
		31E13816192ACFED006DDF4D /* Frameworks */ = {
			isa = PBXFrameworksBuildPhase;
			buildActionMask = 2147483647;
			files = (
				31E13823192AD0DD006DDF4D /* libCSubSub.a in Frameworks */,
			);
			runOnlyForDeploymentPostprocessing = 0;
		};
		31E13827192AD437006DDF4D /* Frameworks */ = {
			isa = PBXFrameworksBuildPhase;
			buildActionMask = 2147483647;
			files = (
				31E13835192AD449006DDF4D /* libCSubSub.a in Frameworks */,
			);
			runOnlyForDeploymentPostprocessing = 0;
		};
/* End PBXFrameworksBuildPhase section */

/* Begin PBXGroup section */
		310CD7A8192A441A004D4327 = {
			isa = PBXGroup;
			children = (
				310CD7B8192A4431004D4327 /* lib */,
				310CD7C2192A4487004D4327 /* E001UsingString */,
				31E1381A192ACFED006DDF4D /* E002UsingFile */,
				31E1382B192AD437006DDF4D /* E003UsingList */,
				313BBBCE192CB22D00832B0B /* E004UsingArray */,
				318CF60F1931EE1E00FFDA3A /* E005UsingMap */,
				310CD7B2192A441A004D4327 /* Products */,
			);
			sourceTree = "<group>";
		};
		310CD7B2192A441A004D4327 /* Products */ = {
			isa = PBXGroup;
			children = (
				310CD7B1192A441A004D4327 /* libCSubSub.a */,
				310CD7C1192A4487004D4327 /* E001UsingString */,
				31E13819192ACFED006DDF4D /* E002UsingFile */,
				31E1382A192AD437006DDF4D /* E003UsingList */,
				313BBBCD192CB22C00832B0B /* E004UsingArray */,
				318CF60E1931EE1E00FFDA3A /* E005UsingMap */,
			);
			name = Products;
			sourceTree = "<group>";
		};
		310CD7B8192A4431004D4327 /* lib */ = {
			isa = PBXGroup;
			children = (
				31E1386C192AEE48006DDF4D /* source */,
				31E1386B192AEE29006DDF4D /* header */,
			);
			name = lib;
			sourceTree = "<group>";
		};
		310CD7C2192A4487004D4327 /* E001UsingString */ = {
			isa = PBXGroup;
			children = (
				310CD7C3192A4487004D4327 /* main.c */,
				310CD7C5192A4487004D4327 /* E001UsingString.1 */,
			);
			path = E001UsingString;
			sourceTree = "<group>";
		};
		313BBBCE192CB22D00832B0B /* E004UsingArray */ = {
			isa = PBXGroup;
			children = (
				313BBBCF192CB22D00832B0B /* main.c */,
				313BBBD1192CB22D00832B0B /* E004UsingArray.1 */,
			);
			path = E004UsingArray;
			sourceTree = "<group>";
		};
		318CF60F1931EE1E00FFDA3A /* E005UsingMap */ = {
			isa = PBXGroup;
			children = (
				318CF6101931EE1E00FFDA3A /* main.c */,
				318CF6121931EE1E00FFDA3A /* E005UsingMap.1 */,
			);
			path = E005UsingMap;
			sourceTree = "<group>";
		};
		31E1381A192ACFED006DDF4D /* E002UsingFile */ = {
			isa = PBXGroup;
			children = (
				31E13822192AD01D006DDF4D /* Data.txt */,
				31E1381B192ACFED006DDF4D /* main.c */,
				31E1381D192ACFED006DDF4D /* E002UsingFile.1 */,
			);
			path = E002UsingFile;
			sourceTree = "<group>";
		};
		31E1382B192AD437006DDF4D /* E003UsingList */ = {
			isa = PBXGroup;
			children = (
				31E1382C192AD437006DDF4D /* main.c */,
				31E1382E192AD437006DDF4D /* E003UsingList.1 */,
			);
			path = E003UsingList;
			sourceTree = "<group>";
		};
		31E1386B192AEE29006DDF4D /* header */ = {
			isa = PBXGroup;
			children = (
				318CF6211931FE2D00FFDA3A /* cssMap.h */,
				311B0D9F192F3861006A8A29 /* cssSystem.h */,
				313BBBC6192CA21F00832B0B /* cssArray.h */,
				31E1383F192AD7BD006DDF4D /* cssFile.h */,
				31E13837192AD67D006DDF4D /* cssString.h */,
				31E1383B192AD6D0006DDF4D /* cssObject.h */,
				31E13843192AD841006DDF4D /* cssList.h */,
				31E13814192AC6F6006DDF4D /* css.h */,
			);
			name = header;
			sourceTree = "<group>";
		};
		31E1386C192AEE48006DDF4D /* source */ = {
			isa = PBXGroup;
			children = (
				318CF61F1931FE2400FFDA3A /* cssMap.c */,
				311B0D9E192F3861006A8A29 /* cssSystem.c */,
				313BBBC5192CA21F00832B0B /* cssArray.c */,
				31E1383E192AD7BD006DDF4D /* cssFile.c */,
				31E13836192AD67D006DDF4D /* cssString.c */,
				31E1383A192AD6D0006DDF4D /* cssObject.c */,
				31E13842192AD840006DDF4D /* cssList.c */,
			);
			name = source;
			sourceTree = "<group>";
		};
/* End PBXGroup section */

/* Begin PBXHeadersBuildPhase section */
		310CD7AF192A441A004D4327 /* Headers */ = {
			isa = PBXHeadersBuildPhase;
			buildActionMask = 2147483647;
			files = (
				31E13841192AD7BD006DDF4D /* cssFile.h in Headers */,
				311B0DA1192F3861006A8A29 /* cssSystem.h in Headers */,
				31E13839192AD67D006DDF4D /* cssString.h in Headers */,
				318CF6221931FE2D00FFDA3A /* cssMap.h in Headers */,
				31E13845192AD841006DDF4D /* cssList.h in Headers */,
				31E1383D192AD6D0006DDF4D /* cssObject.h in Headers */,
				313BBBC8192CA21F00832B0B /* cssArray.h in Headers */,
			);
			runOnlyForDeploymentPostprocessing = 0;
		};
/* End PBXHeadersBuildPhase section */

/* Begin PBXNativeTarget section */
		310CD7B0192A441A004D4327 /* CSubSub */ = {
			isa = PBXNativeTarget;
			buildConfigurationList = 310CD7B5192A441A004D4327 /* Build configuration list for PBXNativeTarget "CSubSub" */;
			buildPhases = (
				310CD7AD192A441A004D4327 /* Sources */,
				310CD7AE192A441A004D4327 /* Frameworks */,
				310CD7AF192A441A004D4327 /* Headers */,
			);
			buildRules = (
			);
			dependencies = (
			);
			name = CSubSub;
			productName = CSubSub;
			productReference = 310CD7B1192A441A004D4327 /* libCSubSub.a */;
			productType = "com.apple.product-type.library.static";
		};
		310CD7C0192A4487004D4327 /* E001UsingString */ = {
			isa = PBXNativeTarget;
			buildConfigurationList = 310CD7C7192A4487004D4327 /* Build configuration list for PBXNativeTarget "E001UsingString" */;
			buildPhases = (
				310CD7BD192A4487004D4327 /* Sources */,
				310CD7BE192A4487004D4327 /* Frameworks */,
				310CD7BF192A4487004D4327 /* CopyFiles */,
			);
			buildRules = (
			);
			dependencies = (
				31E1380F192AC68A006DDF4D /* PBXTargetDependency */,
			);
			name = E001UsingString;
			productName = E001UsingString;
			productReference = 310CD7C1192A4487004D4327 /* E001UsingString */;
			productType = "com.apple.product-type.tool";
		};
		313BBBCC192CB22C00832B0B /* E004UsingArray */ = {
			isa = PBXNativeTarget;
			buildConfigurationList = 313BBBD3192CB22D00832B0B /* Build configuration list for PBXNativeTarget "E004UsingArray" */;
			buildPhases = (
				313BBBC9192CB22C00832B0B /* Sources */,
				313BBBCA192CB22C00832B0B /* Frameworks */,
				313BBBCB192CB22C00832B0B /* CopyFiles */,
			);
			buildRules = (
			);
			dependencies = (
				313BBBD7192CB23E00832B0B /* PBXTargetDependency */,
			);
			name = E004UsingArray;
			productName = E004UsingArray;
			productReference = 313BBBCD192CB22C00832B0B /* E004UsingArray */;
			productType = "com.apple.product-type.tool";
		};
		318CF60D1931EE1E00FFDA3A /* E005UsingMap */ = {
			isa = PBXNativeTarget;
			buildConfigurationList = 318CF6161931EE1E00FFDA3A /* Build configuration list for PBXNativeTarget "E005UsingMap" */;
			buildPhases = (
				318CF60A1931EE1E00FFDA3A /* Sources */,
				318CF60B1931EE1E00FFDA3A /* Frameworks */,
				318CF60C1931EE1E00FFDA3A /* CopyFiles */,
			);
			buildRules = (
			);
			dependencies = (
				318CF6191931EE9900FFDA3A /* PBXTargetDependency */,
			);
			name = E005UsingMap;
			productName = E005UsingMap;
			productReference = 318CF60E1931EE1E00FFDA3A /* E005UsingMap */;
			productType = "com.apple.product-type.tool";
		};
		31E13818192ACFED006DDF4D /* E002UsingFile */ = {
			isa = PBXNativeTarget;
			buildConfigurationList = 31E1381F192ACFED006DDF4D /* Build configuration list for PBXNativeTarget "E002UsingFile" */;
			buildPhases = (
				31E13815192ACFED006DDF4D /* Sources */,
				31E13816192ACFED006DDF4D /* Frameworks */,
				31E13817192ACFED006DDF4D /* CopyFiles */,
			);
			buildRules = (
			);
			dependencies = (
				31E13825192AD0E4006DDF4D /* PBXTargetDependency */,
			);
			name = E002UsingFile;
			productName = E002UsingFile;
			productReference = 31E13819192ACFED006DDF4D /* E002UsingFile */;
			productType = "com.apple.product-type.tool";
		};
		31E13829192AD437006DDF4D /* E003UsingList */ = {
			isa = PBXNativeTarget;
			buildConfigurationList = 31E13830192AD437006DDF4D /* Build configuration list for PBXNativeTarget "E003UsingList" */;
			buildPhases = (
				31E13826192AD437006DDF4D /* Sources */,
				31E13827192AD437006DDF4D /* Frameworks */,
				31E13828192AD437006DDF4D /* CopyFiles */,
			);
			buildRules = (
			);
			dependencies = (
				31E13834192AD445006DDF4D /* PBXTargetDependency */,
			);
			name = E003UsingList;
			productName = E003UsingList;
			productReference = 31E1382A192AD437006DDF4D /* E003UsingList */;
			productType = "com.apple.product-type.tool";
		};
/* End PBXNativeTarget section */

/* Begin PBXProject section */
		310CD7A9192A441A004D4327 /* Project object */ = {
			isa = PBXProject;
			attributes = {
				LastUpgradeCheck = 0510;
				ORGANIZATIONNAME = plter;
			};
			buildConfigurationList = 310CD7AC192A441A004D4327 /* Build configuration list for PBXProject "CSubSub" */;
			compatibilityVersion = "Xcode 3.2";
			developmentRegion = English;
			hasScannedForEncodings = 0;
			knownRegions = (
				en,
			);
			mainGroup = 310CD7A8192A441A004D4327;
			productRefGroup = 310CD7B2192A441A004D4327 /* Products */;
			projectDirPath = "";
			projectRoot = "";
			targets = (
				310CD7B0192A441A004D4327 /* CSubSub */,
				310CD7C0192A4487004D4327 /* E001UsingString */,
				31E13818192ACFED006DDF4D /* E002UsingFile */,
				31E13829192AD437006DDF4D /* E003UsingList */,
				313BBBCC192CB22C00832B0B /* E004UsingArray */,
				318CF60D1931EE1E00FFDA3A /* E005UsingMap */,
			);
		};
/* End PBXProject section */

/* Begin PBXSourcesBuildPhase section */
		310CD7AD192A441A004D4327 /* Sources */ = {
			isa = PBXSourcesBuildPhase;
			buildActionMask = 2147483647;
			files = (
				31E13838192AD67D006DDF4D /* cssString.c in Sources */,
				31E13840192AD7BD006DDF4D /* cssFile.c in Sources */,
				31E13844192AD841006DDF4D /* cssList.c in Sources */,
				31E1383C192AD6D0006DDF4D /* cssObject.c in Sources */,
				311B0DA0192F3861006A8A29 /* cssSystem.c in Sources */,
				313BBBC7192CA21F00832B0B /* cssArray.c in Sources */,
				318CF6201931FE2400FFDA3A /* cssMap.c in Sources */,
			);
			runOnlyForDeploymentPostprocessing = 0;
		};
		310CD7BD192A4487004D4327 /* Sources */ = {
			isa = PBXSourcesBuildPhase;
			buildActionMask = 2147483647;
			files = (
				310CD7C4192A4487004D4327 /* main.c in Sources */,
			);
			runOnlyForDeploymentPostprocessing = 0;
		};
		313BBBC9192CB22C00832B0B /* Sources */ = {
			isa = PBXSourcesBuildPhase;
			buildActionMask = 2147483647;
			files = (
				313BBBD0192CB22D00832B0B /* main.c in Sources */,
			);
			runOnlyForDeploymentPostprocessing = 0;
		};
		318CF60A1931EE1E00FFDA3A /* Sources */ = {
			isa = PBXSourcesBuildPhase;
			buildActionMask = 2147483647;
			files = (
				318CF6111931EE1E00FFDA3A /* main.c in Sources */,
			);
			runOnlyForDeploymentPostprocessing = 0;
		};
		31E13815192ACFED006DDF4D /* Sources */ = {
			isa = PBXSourcesBuildPhase;
			buildActionMask = 2147483647;
			files = (
				31E1381C192ACFED006DDF4D /* main.c in Sources */,
			);
			runOnlyForDeploymentPostprocessing = 0;
		};
		31E13826192AD437006DDF4D /* Sources */ = {
			isa = PBXSourcesBuildPhase;
			buildActionMask = 2147483647;
			files = (
				31E1382D192AD437006DDF4D /* main.c in Sources */,
			);
			runOnlyForDeploymentPostprocessing = 0;
		};
/* End PBXSourcesBuildPhase section */

/* Begin PBXTargetDependency section */
		313BBBD7192CB23E00832B0B /* PBXTargetDependency */ = {
			isa = PBXTargetDependency;
			target = 310CD7B0192A441A004D4327 /* CSubSub */;
			targetProxy = 313BBBD6192CB23E00832B0B /* PBXContainerItemProxy */;
		};
		318CF6191931EE9900FFDA3A /* PBXTargetDependency */ = {
			isa = PBXTargetDependency;
			target = 310CD7B0192A441A004D4327 /* CSubSub */;
			targetProxy = 318CF6181931EE9900FFDA3A /* PBXContainerItemProxy */;
		};
		31E1380F192AC68A006DDF4D /* PBXTargetDependency */ = {
			isa = PBXTargetDependency;
			target = 310CD7B0192A441A004D4327 /* CSubSub */;
			targetProxy = 31E1380E192AC68A006DDF4D /* PBXContainerItemProxy */;
		};
		31E13825192AD0E4006DDF4D /* PBXTargetDependency */ = {
			isa = PBXTargetDependency;
			target = 310CD7B0192A441A004D4327 /* CSubSub */;
			targetProxy = 31E13824192AD0E4006DDF4D /* PBXContainerItemProxy */;
		};
		31E13834192AD445006DDF4D /* PBXTargetDependency */ = {
			isa = PBXTargetDependency;
			target = 310CD7B0192A441A004D4327 /* CSubSub */;
			targetProxy = 31E13833192AD445006DDF4D /* PBXContainerItemProxy */;
		};
/* End PBXTargetDependency section */

/* Begin XCBuildConfiguration section */
		310CD7B3192A441A004D4327 /* Debug */ = {
			isa = XCBuildConfiguration;
			buildSettings = {
				ALWAYS_SEARCH_USER_PATHS = NO;
				CLANG_CXX_LANGUAGE_STANDARD = "gnu++0x";
				CLANG_CXX_LIBRARY = "libc++";
				CLANG_ENABLE_MODULES = YES;
				CLANG_ENABLE_OBJC_ARC = YES;
				CLANG_WARN_BOOL_CONVERSION = YES;
				CLANG_WARN_CONSTANT_CONVERSION = YES;
				CLANG_WARN_DIRECT_OBJC_ISA_USAGE = YES_ERROR;
				CLANG_WARN_EMPTY_BODY = YES;
				CLANG_WARN_ENUM_CONVERSION = YES;
				CLANG_WARN_INT_CONVERSION = YES;
				CLANG_WARN_OBJC_ROOT_CLASS = YES_ERROR;
				CLANG_WARN__DUPLICATE_METHOD_MATCH = YES;
				COPY_PHASE_STRIP = NO;
				GCC_C_LANGUAGE_STANDARD = gnu99;
				GCC_DYNAMIC_NO_PIC = NO;
				GCC_ENABLE_OBJC_EXCEPTIONS = YES;
				GCC_OPTIMIZATION_LEVEL = 0;
				GCC_PREPROCESSOR_DEFINITIONS = (
					"DEBUG=1",
					"$(inherited)",
				);
				GCC_SYMBOLS_PRIVATE_EXTERN = NO;
				GCC_WARN_64_TO_32_BIT_CONVERSION = YES;
				GCC_WARN_ABOUT_RETURN_TYPE = YES_ERROR;
				GCC_WARN_UNDECLARED_SELECTOR = YES;
				GCC_WARN_UNINITIALIZED_AUTOS = YES_AGGRESSIVE;
				GCC_WARN_UNUSED_FUNCTION = YES;
				GCC_WARN_UNUSED_VARIABLE = YES;
				MACOSX_DEPLOYMENT_TARGET = 10.9;
				ONLY_ACTIVE_ARCH = YES;
				SDKROOT = macosx;
			};
			name = Debug;
		};
		310CD7B4192A441A004D4327 /* Release */ = {
			isa = XCBuildConfiguration;
			buildSettings = {
				ALWAYS_SEARCH_USER_PATHS = NO;
				CLANG_CXX_LANGUAGE_STANDARD = "gnu++0x";
				CLANG_CXX_LIBRARY = "libc++";
				CLANG_ENABLE_MODULES = YES;
				CLANG_ENABLE_OBJC_ARC = YES;
				CLANG_WARN_BOOL_CONVERSION = YES;
				CLANG_WARN_CONSTANT_CONVERSION = YES;
				CLANG_WARN_DIRECT_OBJC_ISA_USAGE = YES_ERROR;
				CLANG_WARN_EMPTY_BODY = YES;
				CLANG_WARN_ENUM_CONVERSION = YES;
				CLANG_WARN_INT_CONVERSION = YES;
				CLANG_WARN_OBJC_ROOT_CLASS = YES_ERROR;
				CLANG_WARN__DUPLICATE_METHOD_MATCH = YES;
				COPY_PHASE_STRIP = YES;
				DEBUG_INFORMATION_FORMAT = "dwarf-with-dsym";
				ENABLE_NS_ASSERTIONS = NO;
				GCC_C_LANGUAGE_STANDARD = gnu99;
				GCC_ENABLE_OBJC_EXCEPTIONS = YES;
				GCC_WARN_64_TO_32_BIT_CONVERSION = YES;
				GCC_WARN_ABOUT_RETURN_TYPE = YES_ERROR;
				GCC_WARN_UNDECLARED_SELECTOR = YES;
				GCC_WARN_UNINITIALIZED_AUTOS = YES_AGGRESSIVE;
				GCC_WARN_UNUSED_FUNCTION = YES;
				GCC_WARN_UNUSED_VARIABLE = YES;
				MACOSX_DEPLOYMENT_TARGET = 10.9;
				SDKROOT = macosx;
			};
			name = Release;
		};
		310CD7B6192A441A004D4327 /* Debug */ = {
			isa = XCBuildConfiguration;
			buildSettings = {
				EXECUTABLE_PREFIX = lib;
				PRODUCT_NAME = "$(TARGET_NAME)";
			};
			name = Debug;
		};
		310CD7B7192A441A004D4327 /* Release */ = {
			isa = XCBuildConfiguration;
			buildSettings = {
				EXECUTABLE_PREFIX = lib;
				PRODUCT_NAME = "$(TARGET_NAME)";
			};
			name = Release;
		};
		310CD7C8192A4487004D4327 /* Debug */ = {
			isa = XCBuildConfiguration;
			buildSettings = {
				GCC_PREPROCESSOR_DEFINITIONS = (
					"DEBUG=1",
					"$(inherited)",
				);
				PRODUCT_NAME = "$(TARGET_NAME)";
			};
			name = Debug;
		};
		310CD7C9192A4487004D4327 /* Release */ = {
			isa = XCBuildConfiguration;
			buildSettings = {
				PRODUCT_NAME = "$(TARGET_NAME)";
			};
			name = Release;
		};
		313BBBD4192CB22D00832B0B /* Debug */ = {
			isa = XCBuildConfiguration;
			buildSettings = {
				GCC_PREPROCESSOR_DEFINITIONS = (
					"DEBUG=1",
					"$(inherited)",
				);
				PRODUCT_NAME = "$(TARGET_NAME)";
			};
			name = Debug;
		};
		313BBBD5192CB22D00832B0B /* Release */ = {
			isa = XCBuildConfiguration;
			buildSettings = {
				PRODUCT_NAME = "$(TARGET_NAME)";
			};
			name = Release;
		};
		318CF6141931EE1E00FFDA3A /* Debug */ = {
			isa = XCBuildConfiguration;
			buildSettings = {
				GCC_PREPROCESSOR_DEFINITIONS = (
					"DEBUG=1",
					"$(inherited)",
				);
				PRODUCT_NAME = "$(TARGET_NAME)";
			};
			name = Debug;
		};
		318CF6151931EE1E00FFDA3A /* Release */ = {
			isa = XCBuildConfiguration;
			buildSettings = {
				PRODUCT_NAME = "$(TARGET_NAME)";
			};
			name = Release;
		};
		31E13820192ACFED006DDF4D /* Debug */ = {
			isa = XCBuildConfiguration;
			buildSettings = {
				GCC_PREPROCESSOR_DEFINITIONS = (
					"DEBUG=1",
					"$(inherited)",
				);
				PRODUCT_NAME = "$(TARGET_NAME)";
			};
			name = Debug;
		};
		31E13821192ACFED006DDF4D /* Release */ = {
			isa = XCBuildConfiguration;
			buildSettings = {
				PRODUCT_NAME = "$(TARGET_NAME)";
			};
			name = Release;
		};
		31E13831192AD437006DDF4D /* Debug */ = {
			isa = XCBuildConfiguration;
			buildSettings = {
				GCC_PREPROCESSOR_DEFINITIONS = (
					"DEBUG=1",
					"$(inherited)",
				);
				PRODUCT_NAME = "$(TARGET_NAME)";
			};
			name = Debug;
		};
		31E13832192AD437006DDF4D /* Release */ = {
			isa = XCBuildConfiguration;
			buildSettings = {
				PRODUCT_NAME = "$(TARGET_NAME)";
			};
			name = Release;
		};
/* End XCBuildConfiguration section */

/* Begin XCConfigurationList section */
		310CD7AC192A441A004D4327 /* Build configuration list for PBXProject "CSubSub" */ = {
			isa = XCConfigurationList;
			buildConfigurations = (
				310CD7B3192A441A004D4327 /* Debug */,
				310CD7B4192A441A004D4327 /* Release */,
			);
			defaultConfigurationIsVisible = 0;
			defaultConfigurationName = Release;
		};
		310CD7B5192A441A004D4327 /* Build configuration list for PBXNativeTarget "CSubSub" */ = {
			isa = XCConfigurationList;
			buildConfigurations = (
				310CD7B6192A441A004D4327 /* Debug */,
				310CD7B7192A441A004D4327 /* Release */,
			);
			defaultConfigurationIsVisible = 0;
			defaultConfigurationName = Release;
		};
		310CD7C7192A4487004D4327 /* Build configuration list for PBXNativeTarget "E001UsingString" */ = {
			isa = XCConfigurationList;
			buildConfigurations = (
				310CD7C8192A4487004D4327 /* Debug */,
				310CD7C9192A4487004D4327 /* Release */,
			);
			defaultConfigurationIsVisible = 0;
			defaultConfigurationName = Release;
		};
		313BBBD3192CB22D00832B0B /* Build configuration list for PBXNativeTarget "E004UsingArray" */ = {
			isa = XCConfigurationList;
			buildConfigurations = (
				313BBBD4192CB22D00832B0B /* Debug */,
				313BBBD5192CB22D00832B0B /* Release */,
			);
			defaultConfigurationIsVisible = 0;
			defaultConfigurationName = Release;
		};
		318CF6161931EE1E00FFDA3A /* Build configuration list for PBXNativeTarget "E005UsingMap" */ = {
			isa = XCConfigurationList;
			buildConfigurations = (
				318CF6141931EE1E00FFDA3A /* Debug */,
				318CF6151931EE1E00FFDA3A /* Release */,
			);
			defaultConfigurationIsVisible = 0;
			defaultConfigurationName = Release;
		};
		31E1381F192ACFED006DDF4D /* Build configuration list for PBXNativeTarget "E002UsingFile" */ = {
			isa = XCConfigurationList;
			buildConfigurations = (
				31E13820192ACFED006DDF4D /* Debug */,
				31E13821192ACFED006DDF4D /* Release */,
			);
			defaultConfigurationIsVisible = 0;
			defaultConfigurationName = Release;
		};
		31E13830192AD437006DDF4D /* Build configuration list for PBXNativeTarget "E003UsingList" */ = {
			isa = XCConfigurationList;
			buildConfigurations = (
				31E13831192AD437006DDF4D /* Debug */,
				31E13832192AD437006DDF4D /* Release */,
			);
			defaultConfigurationIsVisible = 0;
			defaultConfigurationName = Release;
		};
/* End XCConfigurationList section */
	};
	rootObject = 310CD7A9192A441A004D4327 /* Project object */;
}
